// !$*UTF8*$!
{
	archiveVersion = 1;
	classes = {
	};
	objectVersion = 50;
	objects = {

/* Begin PBXBuildFile section */
		AD88953B23AF729500347A6A /* GameOverScene.swift in Sources */ = {isa = PBXBuildFile; fileRef = AD88953A23AF729500347A6A /* GameOverScene.swift */; };
		AD88954223AFD43F00347A6A /* Quillain (DEMO).ttf in Resources */ = {isa = PBXBuildFile; fileRef = AD88953F23AFD43F00347A6A /* Quillain (DEMO).ttf */; };
		AD88954523AFD44C00347A6A /* Mella Nissa.ttf in Resources */ = {isa = PBXBuildFile; fileRef = AD88954323AFD44C00347A6A /* Mella Nissa.ttf */; };
		AD88954623AFD44C00347A6A /* Playkidz.ttf in Resources */ = {isa = PBXBuildFile; fileRef = AD88954423AFD44C00347A6A /* Playkidz.ttf */; };
		AD88954823AFD4FD00347A6A /* Glimstick.ttf in Resources */ = {isa = PBXBuildFile; fileRef = AD88954723AFD4FD00347A6A /* Glimstick.ttf */; };
		ADB1DAB823AE57200071F329 /* AppDelegate.swift in Sources */ = {isa = PBXBuildFile; fileRef = ADB1DAB723AE57200071F329 /* AppDelegate.swift */; };
		ADB1DABE23AE57200071F329 /* GameScene.swift in Sources */ = {isa = PBXBuildFile; fileRef = ADB1DABD23AE57200071F329 /* GameScene.swift */; };
		ADB1DAC023AE57200071F329 /* GameViewController.swift in Sources */ = {isa = PBXBuildFile; fileRef = ADB1DABF23AE57200071F329 /* GameViewController.swift */; };
		ADB1DAC323AE57200071F329 /* Main.storyboard in Resources */ = {isa = PBXBuildFile; fileRef = ADB1DAC123AE57200071F329 /* Main.storyboard */; };
		ADB1DAC523AE57210071F329 /* Assets.xcassets in Resources */ = {isa = PBXBuildFile; fileRef = ADB1DAC423AE57210071F329 /* Assets.xcassets */; };
		ADB1DAC823AE57210071F329 /* LaunchScreen.storyboard in Resources */ = {isa = PBXBuildFile; fileRef = ADB1DAC623AE57210071F329 /* LaunchScreen.storyboard */; };
		ADB1DAD023AE5DFE0071F329 /* MyUtils.swift in Sources */ = {isa = PBXBuildFile; fileRef = ADB1DACF23AE5DFE0071F329 /* MyUtils.swift */; };
		ADB1DADD23AF5FB80071F329 /* backgroundMusic.mp3 in Resources */ = {isa = PBXBuildFile; fileRef = ADB1DAD823AF5F740071F329 /* backgroundMusic.mp3 */; };
		ADB1DADE23AF5FBB0071F329 /* lose.wav in Resources */ = {isa = PBXBuildFile; fileRef = ADB1DADA23AF5F790071F329 /* lose.wav */; };
		ADB1DADF23AF5FBE0071F329 /* hitCat.wav in Resources */ = {isa = PBXBuildFile; fileRef = ADB1DAD923AF5F760071F329 /* hitCat.wav */; };
		ADB1DAE023AF5FC10071F329 /* win.wav in Resources */ = {isa = PBXBuildFile; fileRef = ADB1DADC23AF5F7E0071F329 /* win.wav */; };
		ADB1DAE123AF5FC40071F329 /* hitCatLady.wav in Resources */ = {isa = PBXBuildFile; fileRef = ADB1DADB23AF5F7B0071F329 /* hitCatLady.wav */; };
		ADB1DAE323AF647A0071F329 /* MainMenuScene.swift in Sources */ = {isa = PBXBuildFile; fileRef = ADB1DAE223AF647A0071F329 /* MainMenuScene.swift */; };
/* End PBXBuildFile section */

/* Begin PBXFileReference section */
		AD88953A23AF729500347A6A /* GameOverScene.swift */ = {isa = PBXFileReference; lastKnownFileType = sourcecode.swift; path = GameOverScene.swift; sourceTree = "<group>"; };
		AD88953F23AFD43F00347A6A /* Quillain (DEMO).ttf */ = {isa = PBXFileReference; lastKnownFileType = file; path = "Quillain (DEMO).ttf"; sourceTree = "<group>"; };
		AD88954323AFD44C00347A6A /* Mella Nissa.ttf */ = {isa = PBXFileReference; lastKnownFileType = file; path = "Mella Nissa.ttf"; sourceTree = "<group>"; };
		AD88954423AFD44C00347A6A /* Playkidz.ttf */ = {isa = PBXFileReference; lastKnownFileType = file; path = Playkidz.ttf; sourceTree = "<group>"; };
		AD88954723AFD4FD00347A6A /* Glimstick.ttf */ = {isa = PBXFileReference; lastKnownFileType = file; path = Glimstick.ttf; sourceTree = "<group>"; };
		ADB1DAB423AE57200071F329 /* Zombie.app */ = {isa = PBXFileReference; explicitFileType = wrapper.application; includeInIndex = 0; path = Zombie.app; sourceTree = BUILT_PRODUCTS_DIR; };
		ADB1DAB723AE57200071F329 /* AppDelegate.swift */ = {isa = PBXFileReference; lastKnownFileType = sourcecode.swift; path = AppDelegate.swift; sourceTree = "<group>"; };
		ADB1DABD23AE57200071F329 /* GameScene.swift */ = {isa = PBXFileReference; lastKnownFileType = sourcecode.swift; path = GameScene.swift; sourceTree = "<group>"; };
		ADB1DABF23AE57200071F329 /* GameViewController.swift */ = {isa = PBXFileReference; lastKnownFileType = sourcecode.swift; path = GameViewController.swift; sourceTree = "<group>"; };
		ADB1DAC223AE57200071F329 /* Base */ = {isa = PBXFileReference; lastKnownFileType = file.storyboard; name = Base; path = Base.lproj/Main.storyboard; sourceTree = "<group>"; };
		ADB1DAC423AE57210071F329 /* Assets.xcassets */ = {isa = PBXFileReference; lastKnownFileType = folder.assetcatalog; path = Assets.xcassets; sourceTree = "<group>"; };
		ADB1DAC723AE57210071F329 /* Base */ = {isa = PBXFileReference; lastKnownFileType = file.storyboard; name = Base; path = Base.lproj/LaunchScreen.storyboard; sourceTree = "<group>"; };
		ADB1DAC923AE57210071F329 /* Info.plist */ = {isa = PBXFileReference; lastKnownFileType = text.plist.xml; path = Info.plist; sourceTree = "<group>"; };
		ADB1DACF23AE5DFE0071F329 /* MyUtils.swift */ = {isa = PBXFileReference; lastKnownFileType = sourcecode.swift; path = MyUtils.swift; sourceTree = "<group>"; };
		ADB1DAD823AF5F740071F329 /* backgroundMusic.mp3 */ = {isa = PBXFileReference; lastKnownFileType = audio.mp3; path = backgroundMusic.mp3; sourceTree = "<group>"; };
		ADB1DAD923AF5F760071F329 /* hitCat.wav */ = {isa = PBXFileReference; lastKnownFileType = audio.wav; path = hitCat.wav; sourceTree = "<group>"; };
		ADB1DADA23AF5F790071F329 /* lose.wav */ = {isa = PBXFileReference; lastKnownFileType = audio.wav; path = lose.wav; sourceTree = "<group>"; };
		ADB1DADB23AF5F7B0071F329 /* hitCatLady.wav */ = {isa = PBXFileReference; lastKnownFileType = audio.wav; path = hitCatLady.wav; sourceTree = "<group>"; };
		ADB1DADC23AF5F7E0071F329 /* win.wav */ = {isa = PBXFileReference; lastKnownFileType = audio.wav; path = win.wav; sourceTree = "<group>"; };
		ADB1DAE223AF647A0071F329 /* MainMenuScene.swift */ = {isa = PBXFileReference; lastKnownFileType = sourcecode.swift; path = MainMenuScene.swift; sourceTree = "<group>"; };
/* End PBXFileReference section */

/* Begin PBXFrameworksBuildPhase section */
		ADB1DAB123AE57200071F329 /* Frameworks */ = {
			isa = PBXFrameworksBuildPhase;
			buildActionMask = 2147483647;
			files = (
			);
			runOnlyForDeploymentPostprocessing = 0;
		};
/* End PBXFrameworksBuildPhase section */

/* Begin PBXGroup section */
		AD88953C23AFD41700347A6A /* Fonts */ = {
			isa = PBXGroup;
			children = (
				AD88954323AFD44C00347A6A /* Mella Nissa.ttf */,
				AD88954723AFD4FD00347A6A /* Glimstick.ttf */,
				AD88954423AFD44C00347A6A /* Playkidz.ttf */,
				AD88953F23AFD43F00347A6A /* Quillain (DEMO).ttf */,
			);
			path = Fonts;
			sourceTree = "<group>";
		};
		ADB1DAAB23AE57200071F329 = {
			isa = PBXGroup;
			children = (
				ADB1DAB623AE57200071F329 /* Zombie */,
				ADB1DAB523AE57200071F329 /* Products */,
			);
			sourceTree = "<group>";
		};
		ADB1DAB523AE57200071F329 /* Products */ = {
			isa = PBXGroup;
			children = (
				ADB1DAB423AE57200071F329 /* Zombie.app */,
			);
			name = Products;
			sourceTree = "<group>";
		};
		ADB1DAB623AE57200071F329 /* Zombie */ = {
			isa = PBXGroup;
			children = (
				ADB1DAD523AF5CC80071F329 /* Sounds */,
				AD88953C23AFD41700347A6A /* Fonts */,
				ADB1DAB723AE57200071F329 /* AppDelegate.swift */,
				ADB1DABD23AE57200071F329 /* GameScene.swift */,
				AD88953A23AF729500347A6A /* GameOverScene.swift */,
				ADB1DACF23AE5DFE0071F329 /* MyUtils.swift */,
				ADB1DAE223AF647A0071F329 /* MainMenuScene.swift */,
				ADB1DABF23AE57200071F329 /* GameViewController.swift */,
				ADB1DAC123AE57200071F329 /* Main.storyboard */,
				ADB1DAC423AE57210071F329 /* Assets.xcassets */,
				ADB1DAC623AE57210071F329 /* LaunchScreen.storyboard */,
				ADB1DAC923AE57210071F329 /* Info.plist */,
			);
			path = Zombie;
			sourceTree = "<group>";
		};
		ADB1DAD523AF5CC80071F329 /* Sounds */ = {
			isa = PBXGroup;
			children = (
				ADB1DAD823AF5F740071F329 /* backgroundMusic.mp3 */,
				ADB1DADA23AF5F790071F329 /* lose.wav */,
				ADB1DAD923AF5F760071F329 /* hitCat.wav */,
				ADB1DADC23AF5F7E0071F329 /* win.wav */,
				ADB1DADB23AF5F7B0071F329 /* hitCatLady.wav */,
			);
			path = Sounds;
			sourceTree = "<group>";
		};
/* End PBXGroup section */

/* Begin PBXNativeTarget section */
		ADB1DAB323AE57200071F329 /* Zombie */ = {
			isa = PBXNativeTarget;
			buildConfigurationList = ADB1DACC23AE57210071F329 /* Build configuration list for PBXNativeTarget "Zombie" */;
			buildPhases = (
				ADB1DAB023AE57200071F329 /* Sources */,
				ADB1DAB123AE57200071F329 /* Frameworks */,
				ADB1DAB223AE57200071F329 /* Resources */,
			);
			buildRules = (
			);
			dependencies = (
			);
			name = Zombie;
			productName = Zombie;
			productReference = ADB1DAB423AE57200071F329 /* Zombie.app */;
			productType = "com.apple.product-type.application";
		};
/* End PBXNativeTarget section */

/* Begin PBXProject section */
		ADB1DAAC23AE57200071F329 /* Project object */ = {
			isa = PBXProject;
			attributes = {
				LastSwiftUpdateCheck = 1010;
				LastUpgradeCheck = 1010;
				ORGANIZATIONNAME = Kaiserdem;
				TargetAttributes = {
					ADB1DAB323AE57200071F329 = {
						CreatedOnToolsVersion = 10.1;
					};
				};
			};
			buildConfigurationList = ADB1DAAF23AE57200071F329 /* Build configuration list for PBXProject "Zombie" */;
			compatibilityVersion = "Xcode 9.3";
			developmentRegion = en;
			hasScannedForEncodings = 0;
			knownRegions = (
				en,
				Base,
			);
			mainGroup = ADB1DAAB23AE57200071F329;
			productRefGroup = ADB1DAB523AE57200071F329 /* Products */;
			projectDirPath = "";
			projectRoot = "";
			targets = (
				ADB1DAB323AE57200071F329 /* Zombie */,
			);
		};
/* End PBXProject section */

/* Begin PBXResourcesBuildPhase section */
		ADB1DAB223AE57200071F329 /* Resources */ = {
			isa = PBXResourcesBuildPhase;
			buildActionMask = 2147483647;
			files = (
				AD88954823AFD4FD00347A6A /* Glimstick.ttf in Resources */,
				ADB1DAE023AF5FC10071F329 /* win.wav in Resources */,
				ADB1DAE123AF5FC40071F329 /* hitCatLady.wav in Resources */,
				AD88954623AFD44C00347A6A /* Playkidz.ttf in Resources */,
				ADB1DADE23AF5FBB0071F329 /* lose.wav in Resources */,
				ADB1DAC323AE57200071F329 /* Main.storyboard in Resources */,
				ADB1DAC523AE57210071F329 /* Assets.xcassets in Resources */,
				ADB1DADF23AF5FBE0071F329 /* hitCat.wav in Resources */,
				ADB1DADD23AF5FB80071F329 /* backgroundMusic.mp3 in Resources */,
				AD88954523AFD44C00347A6A /* Mella Nissa.ttf in Resources */,
				AD88954223AFD43F00347A6A /* Quillain (DEMO).ttf in Resources */,
				ADB1DAC823AE57210071F329 /* LaunchScreen.storyboard in Resources */,
			);
			runOnlyForDeploymentPostprocessing = 0;
		};
/* End PBXResourcesBuildPhase section */

/* Begin PBXSourcesBuildPhase section */
		ADB1DAB023AE57200071F329 /* Sources */ = {
			isa = PBXSourcesBuildPhase;
			buildActionMask = 2147483647;
			files = (
				ADB1DAE323AF647A0071F329 /* MainMenuScene.swift in Sources */,
				AD88953B23AF729500347A6A /* GameOverScene.swift in Sources */,
				ADB1DABE23AE57200071F329 /* GameScene.swift in Sources */,
				ADB1DAC023AE57200071F329 /* GameViewController.swift in Sources */,
				ADB1DAB823AE57200071F329 /* AppDelegate.swift in Sources */,
				ADB1DAD023AE5DFE0071F329 /* MyUtils.swift in Sources */,
			);
			runOnlyForDeploymentPostprocessing = 0;
		};
/* End PBXSourcesBuildPhase section */

/* Begin PBXVariantGroup section */
		ADB1DAC123AE57200071F329 /* Main.storyboard */ = {
			isa = PBXVariantGroup;
			children = (
				ADB1DAC223AE57200071F329 /* Base */,
			);
			name = Main.storyboard;
			sourceTree = "<group>";
		};
		ADB1DAC623AE57210071F329 /* LaunchScreen.storyboard */ = {
			isa = PBXVariantGroup;
			children = (
				ADB1DAC723AE57210071F329 /* Base */,
			);
			name = LaunchScreen.storyboard;
			sourceTree = "<group>";
		};
/* End PBXVariantGroup section */

/* Begin XCBuildConfiguration section */
		ADB1DACA23AE57210071F329 /* Debug */ = {
			isa = XCBuildConfiguration;
			buildSettings = {
				ALWAYS_SEARCH_USER_PATHS = NO;
				CLANG_ANALYZER_NONNULL = YES;
				CLANG_ANALYZER_NUMBER_OBJECT_CONVERSION = YES_AGGRESSIVE;
				CLANG_CXX_LANGUAGE_STANDARD = "gnu++14";
				CLANG_CXX_LIBRARY = "libc++";
				CLANG_ENABLE_MODULES = YES;
				CLANG_ENABLE_OBJC_ARC = YES;
				CLANG_ENABLE_OBJC_WEAK = YES;
				CLANG_WARN_BLOCK_CAPTURE_AUTORELEASING = YES;
				CLANG_WARN_BOOL_CONVERSION = YES;
				CLANG_WARN_COMMA = YES;
				CLANG_WARN_CONSTANT_CONVERSION = YES;
				CLANG_WARN_DEPRECATED_OBJC_IMPLEMENTATIONS = YES;
				CLANG_WARN_DIRECT_OBJC_ISA_USAGE = YES_ERROR;
				CLANG_WARN_DOCUMENTATION_COMMENTS = YES;
				CLANG_WARN_EMPTY_BODY = YES;
				CLANG_WARN_ENUM_CONVERSION = YES;
				CLANG_WARN_INFINITE_RECURSION = YES;
				CLANG_WARN_INT_CONVERSION = YES;
				CLANG_WARN_NON_LITERAL_NULL_CONVERSION = YES;
				CLANG_WARN_OBJC_IMPLICIT_RETAIN_SELF = YES;
				CLANG_WARN_OBJC_LITERAL_CONVERSION = YES;
				CLANG_WARN_OBJC_ROOT_CLASS = YES_ERROR;
				CLANG_WARN_RANGE_LOOP_ANALYSIS = YES;
				CLANG_WARN_STRICT_PROTOTYPES = YES;
				CLANG_WARN_SUSPICIOUS_MOVE = YES;
				CLANG_WARN_UNGUARDED_AVAILABILITY = YES_AGGRESSIVE;
				CLANG_WARN_UNREACHABLE_CODE = YES;
				CLANG_WARN__DUPLICATE_METHOD_MATCH = YES;
				CODE_SIGN_IDENTITY = "iPhone Developer";
				COPY_PHASE_STRIP = NO;
				DEBUG_INFORMATION_FORMAT = dwarf;
				ENABLE_STRICT_OBJC_MSGSEND = YES;
				ENABLE_TESTABILITY = YES;
				GCC_C_LANGUAGE_STANDARD = gnu11;
				GCC_DYNAMIC_NO_PIC = NO;
				GCC_NO_COMMON_BLOCKS = YES;
				GCC_OPTIMIZATION_LEVEL = 0;
				GCC_PREPROCESSOR_DEFINITIONS = (
					"DEBUG=1",
					"$(inherited)",
				);
				GCC_WARN_64_TO_32_BIT_CONVERSION = YES;
				GCC_WARN_ABOUT_RETURN_TYPE = YES_ERROR;
				GCC_WARN_UNDECLARED_SELECTOR = YES;
				GCC_WARN_UNINITIALIZED_AUTOS = YES_AGGRESSIVE;
				GCC_WARN_UNUSED_FUNCTION = YES;
				GCC_WARN_UNUSED_VARIABLE = YES;
				IPHONEOS_DEPLOYMENT_TARGET = 12.1;
				MTL_ENABLE_DEBUG_INFO = INCLUDE_SOURCE;
				MTL_FAST_MATH = YES;
				ONLY_ACTIVE_ARCH = YES;
				SDKROOT = iphoneos;
				SWIFT_ACTIVE_COMPILATION_CONDITIONS = DEBUG;
				SWIFT_OPTIMIZATION_LEVEL = "-Onone";
			};
			name = Debug;
		};
		ADB1DACB23AE57210071F329 /* Release */ = {
			isa = XCBuildConfiguration;
			buildSettings = {
				ALWAYS_SEARCH_USER_PATHS = NO;
				CLANG_ANALYZER_NONNULL = YES;
				CLANG_ANALYZER_NUMBER_OBJECT_CONVERSION = YES_AGGRESSIVE;
				CLANG_CXX_LANGUAGE_STANDARD = "gnu++14";
				CLANG_CXX_LIBRARY = "libc++";
				CLANG_ENABLE_MODULES = YES;
				CLANG_ENABLE_OBJC_ARC = YES;
				CLANG_ENABLE_OBJC_WEAK = YES;
				CLANG_WARN_BLOCK_CAPTURE_AUTORELEASING = YES;
				CLANG_WARN_BOOL_CONVERSION = YES;
				CLANG_WARN_COMMA = YES;
				CLANG_WARN_CONSTANT_CONVERSION = YES;
				CLANG_WARN_DEPRECATED_OBJC_IMPLEMENTATIONS = YES;
				CLANG_WARN_DIRECT_OBJC_ISA_USAGE = YES_ERROR;
				CLANG_WARN_DOCUMENTATION_COMMENTS = YES;
				CLANG_WARN_EMPTY_BODY = YES;
				CLANG_WARN_ENUM_CONVERSION = YES;
				CLANG_WARN_INFINITE_RECURSION = YES;
				CLANG_WARN_INT_CONVERSION = YES;
				CLANG_WARN_NON_LITERAL_NULL_CONVERSION = YES;
				CLANG_WARN_OBJC_IMPLICIT_RETAIN_SELF = YES;
				CLANG_WARN_OBJC_LITERAL_CONVERSION = YES;
				CLANG_WARN_OBJC_ROOT_CLASS = YES_ERROR;
				CLANG_WARN_RANGE_LOOP_ANALYSIS = YES;
				CLANG_WARN_STRICT_PROTOTYPES = YES;
				CLANG_WARN_SUSPICIOUS_MOVE = YES;
				CLANG_WARN_UNGUARDED_AVAILABILITY = YES_AGGRESSIVE;
				CLANG_WARN_UNREACHABLE_CODE = YES;
				CLANG_WARN__DUPLICATE_METHOD_MATCH = YES;
				CODE_SIGN_IDENTITY = "iPhone Developer";
				COPY_PHASE_STRIP = NO;
				DEBUG_INFORMATION_FORMAT = "dwarf-with-dsym";
				ENABLE_NS_ASSERTIONS = NO;
				ENABLE_STRICT_OBJC_MSGSEND = YES;
				GCC_C_LANGUAGE_STANDARD = gnu11;
				GCC_NO_COMMON_BLOCKS = YES;
				GCC_WARN_64_TO_32_BIT_CONVERSION = YES;
				GCC_WARN_ABOUT_RETURN_TYPE = YES_ERROR;
				GCC_WARN_UNDECLARED_SELECTOR = YES;
				GCC_WARN_UNINITIALIZED_AUTOS = YES_AGGRESSIVE;
				GCC_WARN_UNUSED_FUNCTION = YES;
				GCC_WARN_UNUSED_VARIABLE = YES;
				IPHONEOS_DEPLOYMENT_TARGET = 12.1;
				MTL_ENABLE_DEBUG_INFO = NO;
				MTL_FAST_MATH = YES;
				SDKROOT = iphoneos;
				SWIFT_COMPILATION_MODE = wholemodule;
				SWIFT_OPTIMIZATION_LEVEL = "-O";
				VALIDATE_PRODUCT = YES;
			};
			name = Release;
		};
		ADB1DACD23AE57210071F329 /* Debug */ = {
			isa = XCBuildConfiguration;
			buildSettings = {
				ASSETCATALOG_COMPILER_APPICON_NAME = AppIcon;
				CODE_SIGN_STYLE = Automatic;
				DEVELOPMENT_TEAM = 7729HYB5LH;
				INFOPLIST_FILE = Zombie/Info.plist;
				LD_RUNPATH_SEARCH_PATHS = (
					"$(inherited)",
					"@executable_path/Frameworks",
				);
				PRODUCT_BUNDLE_IDENTIFIER = kaiserdem.Zombie;
				PRODUCT_NAME = "$(TARGET_NAME)";
				SWIFT_VERSION = 4.2;
				TARGETED_DEVICE_FAMILY = "1,2";
			};
			name = Debug;
		};
		ADB1DACE23AE57210071F329 /* Release */ = {
			isa = XCBuildConfiguration;
			buildSettings = {
				ASSETCATALOG_COMPILER_APPICON_NAME = AppIcon;
				CODE_SIGN_STYLE = Automatic;
				DEVELOPMENT_TEAM = 7729HYB5LH;
				INFOPLIST_FILE = Zombie/Info.plist;
				LD_RUNPATH_SEARCH_PATHS = (
					"$(inherited)",
					"@executable_path/Frameworks",
				);
				PRODUCT_BUNDLE_IDENTIFIER = kaiserdem.Zombie;
				PRODUCT_NAME = "$(TARGET_NAME)";
				SWIFT_VERSION = 4.2;
				TARGETED_DEVICE_FAMILY = "1,2";
			};
			name = Release;
		};
/* End XCBuildConfiguration section */

/* Begin XCConfigurationList section */
		ADB1DAAF23AE57200071F329 /* Build configuration list for PBXProject "Zombie" */ = {
			isa = XCConfigurationList;
			buildConfigurations = (
				ADB1DACA23AE57210071F329 /* Debug */,
				ADB1DACB23AE57210071F329 /* Release */,
			);
			defaultConfigurationIsVisible = 0;
			defaultConfigurationName = Release;
		};
		ADB1DACC23AE57210071F329 /* Build configuration list for PBXNativeTarget "Zombie" */ = {
			isa = XCConfigurationList;
			buildConfigurations = (
				ADB1DACD23AE57210071F329 /* Debug */,
				ADB1DACE23AE57210071F329 /* Release */,
			);
			defaultConfigurationIsVisible = 0;
			defaultConfigurationName = Release;
		};
/* End XCConfigurationList section */
	};
	rootObject = ADB1DAAC23AE57200071F329 /* Project object */;
}
